
Microsoft Visual Studio Solution File, Format Version 12.00
# Visual Studio Version 17
VisualStudioVersion = 17.8.34330.188
MinimumVisualStudioVersion = 10.0.40219.1
Project("{2150E333-8FDC-42A3-9474-1A3956D46DE8}") = "WordFinderLib", "WordFinderLib", "{6B414AD6-E3FB-45A4-85FF-FFE4AB6AA9FB}"
EndProject
Project("{9A19103F-16F7-4668-BE54-9A1E7A4F7556}") = "WordFinderLib", "WordFinderLib\WordFinderLib.csproj", "{C4C384B4-8C57-4015-8FA3-5DC3057BC9B9}"
EndProject
Project("{2150E333-8FDC-42A3-9474-1A3956D46DE8}") = "Tests", "Tests", "{7F9E067E-7E7C-4518-B4C7-5C7CA4603351}"
EndProject
Project("{9A19103F-16F7-4668-BE54-9A1E7A4F7556}") = "WordFinderTests", "WordFinderTests\WordFinderTests.csproj", "{C919BBAD-F282-41D1-B68B-8BE2B4F1C3E4}"
EndProject
Global
	GlobalSection(SolutionConfigurationPlatforms) = preSolution
		Debug|Any CPU = Debug|Any CPU
		Release|Any CPU = Release|Any CPU
	EndGlobalSection
	GlobalSection(ProjectConfigurationPlatforms) = postSolution
		{C4C384B4-8C57-4015-8FA3-5DC3057BC9B9}.Debug|Any CPU.ActiveCfg = Debug|Any CPU
		{C4C384B4-8C57-4015-8FA3-5DC3057BC9B9}.Debug|Any CPU.Build.0 = Debug|Any CPU
		{C4C384B4-8C57-4015-8FA3-5DC3057BC9B9}.Release|Any CPU.ActiveCfg = Release|Any CPU
		{C4C384B4-8C57-4015-8FA3-5DC3057BC9B9}.Release|Any CPU.Build.0 = Release|Any CPU
		{C919BBAD-F282-41D1-B68B-8BE2B4F1C3E4}.Debug|Any CPU.ActiveCfg = Debug|Any CPU
		{C919BBAD-F282-41D1-B68B-8BE2B4F1C3E4}.Debug|Any CPU.Build.0 = Debug|Any CPU
		{C919BBAD-F282-41D1-B68B-8BE2B4F1C3E4}.Release|Any CPU.ActiveCfg = Release|Any CPU
		{C919BBAD-F282-41D1-B68B-8BE2B4F1C3E4}.Release|Any CPU.Build.0 = Release|Any CPU
	EndGlobalSection
	GlobalSection(SolutionProperties) = preSolution
		HideSolutionNode = FALSE
	EndGlobalSection
	GlobalSection(NestedProjects) = preSolution
		{C4C384B4-8C57-4015-8FA3-5DC3057BC9B9} = {6B414AD6-E3FB-45A4-85FF-FFE4AB6AA9FB}
		{C919BBAD-F282-41D1-B68B-8BE2B4F1C3E4} = {7F9E067E-7E7C-4518-B4C7-5C7CA4603351}
	EndGlobalSection
	GlobalSection(ExtensibilityGlobals) = postSolution
		SolutionGuid = {16456930-A43F-4EFD-99B9-F22C5806D2AA}
	EndGlobalSection
EndGlobal
